
Microsoft Visual Studio Solution File, Format Version 12.00
Project("{FAE04EC0-301F-11D3-BF4B-00C04F79EFBC}") = "AdventOfCode", "AdventOfCode\AdventOfCode.csproj", "{C10E8F7F-C757-4E8E-800F-5DD3F38CF55A}"
EndProject
Project("{FAE04EC0-301F-11D3-BF4B-00C04F79EFBC}") = "Day1", "Day1\Day1.csproj", "{D596C085-2952-4C6C-9A6C-44C0D3B9F629}"
EndProject
Global
	GlobalSection(SolutionConfigurationPlatforms) = preSolution
		Debug|Any CPU = Debug|Any CPU
		Release|Any CPU = Release|Any CPU
	EndGlobalSection
	GlobalSection(ProjectConfigurationPlatforms) = postSolution
		{C10E8F7F-C757-4E8E-800F-5DD3F38CF55A}.Debug|Any CPU.ActiveCfg = Debug|Any CPU
		{C10E8F7F-C757-4E8E-800F-5DD3F38CF55A}.Debug|Any CPU.Build.0 = Debug|Any CPU
		{C10E8F7F-C757-4E8E-800F-5DD3F38CF55A}.Release|Any CPU.ActiveCfg = Release|Any CPU
		{C10E8F7F-C757-4E8E-800F-5DD3F38CF55A}.Release|Any CPU.Build.0 = Release|Any CPU
		{D596C085-2952-4C6C-9A6C-44C0D3B9F629}.Debug|Any CPU.ActiveCfg = Debug|Any CPU
		{D596C085-2952-4C6C-9A6C-44C0D3B9F629}.Debug|Any CPU.Build.0 = Debug|Any CPU
		{D596C085-2952-4C6C-9A6C-44C0D3B9F629}.Release|Any CPU.ActiveCfg = Release|Any CPU
		{D596C085-2952-4C6C-9A6C-44C0D3B9F629}.Release|Any CPU.Build.0 = Release|Any CPU
	EndGlobalSection
EndGlobal
